{
    "_meta": {
        "hash": {
            "sha256": "bdf76542c4fcb18113b9227c74f35b4119cf5c611e9621fb370a6835893e6ed2"
        },
        "pipfile-spec": 6,
        "requires": {
            "python_version": "2.7"
        },
        "sources": [
            {
                "name": "pypi",
                "url": "https://pypi.org/simple",
                "verify_ssl": true
            }
        ]
    },
    "default": {
        "click": {
            "hashes": [
                "sha256:2335065e6395b9e67ca716de5f7526736bfa6ceead690adf616d925bdc622b13",
                "sha256:5b94b49521f6456670fdb30cd82a4eca9412788a93fa6dd6df72c94d5a8ff2d7"
            ],
            "index": "pypi",
            "version": "==7.0"
        },
        "gitinspector": {
            "hashes": [
                "sha256:a360703021211e85573a9df3f53702029fba56440836f95608c79abc94c696c7",
                "sha256:ffa5b6c82418594aa13468db50a21f8abe2b9ece09b28bd0a609d921bcde214d"
            ],
            "index": "pypi",
            "version": "==0.3.2"
        }
    },
    "develop": {}
}
